
Microsoft Visual Studio Solution File, Format Version 12.00
# Visual Studio Version 16
VisualStudioVersion = 16.0.31729.503
MinimumVisualStudioVersion = 10.0.40219.1
Project("{FAE04EC0-301F-11D3-BF4B-00C04F79EFBC}") = "Stack_Example_0", "Stack_Example_0\Stack_Example_0.csproj", "{B58B7455-5B2B-4FF6-A973-D30A885AFC01}"
EndProject
Global
	GlobalSection(SolutionConfigurationPlatforms) = preSolution
		Debug|Any CPU = Debug|Any CPU
		Release|Any CPU = Release|Any CPU
	EndGlobalSection
	GlobalSection(ProjectConfigurationPlatforms) = postSolution
		{B58B7455-5B2B-4FF6-A973-D30A885AFC01}.Debug|Any CPU.ActiveCfg = Debug|Any CPU
		{B58B7455-5B2B-4FF6-A973-D30A885AFC01}.Debug|Any CPU.Build.0 = Debug|Any CPU
		{B58B7455-5B2B-4FF6-A973-D30A885AFC01}.Release|Any CPU.ActiveCfg = Release|Any CPU
		{B58B7455-5B2B-4FF6-A973-D30A885AFC01}.Release|Any CPU.Build.0 = Release|Any CPU
	EndGlobalSection
	GlobalSection(SolutionProperties) = preSolution
		HideSolutionNode = FALSE
	EndGlobalSection
	GlobalSection(ExtensibilityGlobals) = postSolution
		SolutionGuid = {EB43EB68-B2DF-4A82-BBEE-B508F641A9C8}
	EndGlobalSection
EndGlobal
